
Microsoft Visual Studio Solution File, Format Version 12.00
# Visual Studio Version 17
VisualStudioVersion = 17.2.32526.322
MinimumVisualStudioVersion = 10.0.40219.1
Project("{FAE04EC0-301F-11D3-BF4B-00C04F79EFBC}") = "ConsoleApp1", "ConsoleApp1\ConsoleApp1.csproj", "{ABCD9023-33B3-46DE-BD6F-FDF06A864C1D}"
EndProject
Project("{2150E333-8FDC-42A3-9474-1A3956D46DE8}") = "Solution Items", "Solution Items", "{F75ADD76-1DB9-415E-8D3D-5C7F34DD83EA}"
	ProjectSection(SolutionItems) = preProject
		.editorconfig = .editorconfig
	EndProjectSection
EndProject
Global
	GlobalSection(SolutionConfigurationPlatforms) = preSolution
		Debug|Any CPU = Debug|Any CPU
		Release|Any CPU = Release|Any CPU
	EndGlobalSection
	GlobalSection(ProjectConfigurationPlatforms) = postSolution
		{ABCD9023-33B3-46DE-BD6F-FDF06A864C1D}.Debug|Any CPU.ActiveCfg = Debug|Any CPU
		{ABCD9023-33B3-46DE-BD6F-FDF06A864C1D}.Debug|Any CPU.Build.0 = Debug|Any CPU
		{ABCD9023-33B3-46DE-BD6F-FDF06A864C1D}.Release|Any CPU.ActiveCfg = Release|Any CPU
		{ABCD9023-33B3-46DE-BD6F-FDF06A864C1D}.Release|Any CPU.Build.0 = Release|Any CPU
	EndGlobalSection
	GlobalSection(SolutionProperties) = preSolution
		HideSolutionNode = FALSE
	EndGlobalSection
	GlobalSection(ExtensibilityGlobals) = postSolution
		SolutionGuid = {11474F22-B5E0-4850-AC9E-2E72FFC96FD6}
	EndGlobalSection
EndGlobal
